
Microsoft Visual Studio Solution File, Format Version 12.00
# Visual Studio 15
VisualStudioVersion = 15.0.27428.2037
MinimumVisualStudioVersion = 10.0.40219.1
Project("{FAE04EC0-301F-11D3-BF4B-00C04F79EFBC}") = "ControlledDrugReportGenerator", "ControlledDrugReportGenerator\ControlledDrugReportGenerator.csproj", "{3945C3C2-EE7B-496D-9FBE-B74CE7809EEE}"
EndProject
Global
	GlobalSection(SolutionConfigurationPlatforms) = preSolution
		Debug|Any CPU = Debug|Any CPU
		Release|Any CPU = Release|Any CPU
	EndGlobalSection
	GlobalSection(ProjectConfigurationPlatforms) = postSolution
		{3945C3C2-EE7B-496D-9FBE-B74CE7809EEE}.Debug|Any CPU.ActiveCfg = Debug|Any CPU
		{3945C3C2-EE7B-496D-9FBE-B74CE7809EEE}.Debug|Any CPU.Build.0 = Debug|Any CPU
		{3945C3C2-EE7B-496D-9FBE-B74CE7809EEE}.Release|Any CPU.ActiveCfg = Release|Any CPU
		{3945C3C2-EE7B-496D-9FBE-B74CE7809EEE}.Release|Any CPU.Build.0 = Release|Any CPU
	EndGlobalSection
	GlobalSection(SolutionProperties) = preSolution
		HideSolutionNode = FALSE
	EndGlobalSection
	GlobalSection(ExtensibilityGlobals) = postSolution
		SolutionGuid = {F4AFD2F1-10A7-4F78-B9A4-FBDED286A520}
	EndGlobalSection
EndGlobal
